
Microsoft Visual Studio Solution File, Format Version 12.00
# Visual Studio Version 17
VisualStudioVersion = 17.2.32630.192
MinimumVisualStudioVersion = 10.0.40219.1
Project("{FAE04EC0-301F-11D3-BF4B-00C04F79EFBC}") = "RequestBoard", "RequestBoard\RequestBoard.csproj", "{FE3E9DE9-6A11-479C-9943-BE3377783FBC}"
EndProject
Global
	GlobalSection(SolutionConfigurationPlatforms) = preSolution
		Debug|Any CPU = Debug|Any CPU
		Release|Any CPU = Release|Any CPU
	EndGlobalSection
	GlobalSection(ProjectConfigurationPlatforms) = postSolution
		{FE3E9DE9-6A11-479C-9943-BE3377783FBC}.Debug|Any CPU.ActiveCfg = Debug|Any CPU
		{FE3E9DE9-6A11-479C-9943-BE3377783FBC}.Debug|Any CPU.Build.0 = Debug|Any CPU
		{FE3E9DE9-6A11-479C-9943-BE3377783FBC}.Release|Any CPU.ActiveCfg = Release|Any CPU
		{FE3E9DE9-6A11-479C-9943-BE3377783FBC}.Release|Any CPU.Build.0 = Release|Any CPU
	EndGlobalSection
	GlobalSection(SolutionProperties) = preSolution
		HideSolutionNode = FALSE
	EndGlobalSection
	GlobalSection(ExtensibilityGlobals) = postSolution
		SolutionGuid = {F3498A18-807A-4C75-93D9-366736BBA9F5}
	EndGlobalSection
EndGlobal
